
Microsoft Visual Studio Solution File, Format Version 12.00
# Visual Studio Version 17
VisualStudioVersion = 17.4.33110.190
MinimumVisualStudioVersion = 10.0.40219.1
Project("{13B669BE-BB05-4DDF-9536-439F39A36129}") = "Pchp", "Pchp.msbuildproj", "{BF6B8B44-8CC3-4CC7-B371-3FF18CE0120D}"
EndProject
Global
	GlobalSection(SolutionConfigurationPlatforms) = preSolution
		Debug|Any CPU = Debug|Any CPU
		Release|Any CPU = Release|Any CPU
	EndGlobalSection
	GlobalSection(ProjectConfigurationPlatforms) = postSolution
		{BF6B8B44-8CC3-4CC7-B371-3FF18CE0120D}.Debug|Any CPU.ActiveCfg = Debug|Any CPU
		{BF6B8B44-8CC3-4CC7-B371-3FF18CE0120D}.Debug|Any CPU.Build.0 = Debug|Any CPU
		{BF6B8B44-8CC3-4CC7-B371-3FF18CE0120D}.Release|Any CPU.ActiveCfg = Release|Any CPU
		{BF6B8B44-8CC3-4CC7-B371-3FF18CE0120D}.Release|Any CPU.Build.0 = Release|Any CPU
	EndGlobalSection
	GlobalSection(SolutionProperties) = preSolution
		HideSolutionNode = FALSE
	EndGlobalSection
	GlobalSection(ExtensibilityGlobals) = postSolution
		SolutionGuid = {E9CE8149-2737-4A61-829D-446DAF064D0B}
	EndGlobalSection
EndGlobal
